
Microsoft Visual Studio Solution File, Format Version 12.00
# Visual Studio Version 16
VisualStudioVersion = 16.0.32002.261
MinimumVisualStudioVersion = 10.0.40219.1
Project("{FAE04EC0-301F-11D3-BF4B-00C04F79EFBC}") = "Count Possible Segments", "Count Possible Segments\Count Possible Segments.csproj", "{88E1D415-71E6-4B36-B36A-56F69EA2D104}"
EndProject
Global
	GlobalSection(SolutionConfigurationPlatforms) = preSolution
		Debug|Any CPU = Debug|Any CPU
		Release|Any CPU = Release|Any CPU
	EndGlobalSection
	GlobalSection(ProjectConfigurationPlatforms) = postSolution
		{88E1D415-71E6-4B36-B36A-56F69EA2D104}.Debug|Any CPU.ActiveCfg = Debug|Any CPU
		{88E1D415-71E6-4B36-B36A-56F69EA2D104}.Debug|Any CPU.Build.0 = Debug|Any CPU
		{88E1D415-71E6-4B36-B36A-56F69EA2D104}.Release|Any CPU.ActiveCfg = Release|Any CPU
		{88E1D415-71E6-4B36-B36A-56F69EA2D104}.Release|Any CPU.Build.0 = Release|Any CPU
	EndGlobalSection
	GlobalSection(SolutionProperties) = preSolution
		HideSolutionNode = FALSE
	EndGlobalSection
	GlobalSection(ExtensibilityGlobals) = postSolution
		SolutionGuid = {763338E4-3644-4941-A893-B9E0EA05C370}
	EndGlobalSection
EndGlobal
